
Microsoft Visual Studio Solution File, Format Version 12.00
# Visual Studio Version 17
VisualStudioVersion = 17.14.36212.18
MinimumVisualStudioVersion = 10.0.40219.1
Project("{FAE04EC0-301F-11D3-BF4B-00C04F79EFBC}") = "Api.AccountTransactions", "ApiTransactions\Api.AccountTransactions.csproj", "{86C91C23-AC2C-49A6-84F4-06308B1BD7AB}"
EndProject
Project("{FAE04EC0-301F-11D3-BF4B-00C04F79EFBC}") = "Domain", "Domain\Domain.csproj", "{0EE85283-25B4-41C6-907A-6A16473D8C54}"
EndProject
Project("{FAE04EC0-301F-11D3-BF4B-00C04F79EFBC}") = "Application", "Application\Application.csproj", "{2B79D45F-1FFD-4453-BC12-8C6C728E65CD}"
EndProject
Project("{FAE04EC0-301F-11D3-BF4B-00C04F79EFBC}") = "Persistence", "Persistence\Persistence.csproj", "{339D1804-9CA0-4387-A6D8-D85AB3BB6F08}"
EndProject
Project("{2150E333-8FDC-42A3-9474-1A3956D46DE8}") = "src", "src", "{CAE4190B-5568-494D-A3FA-0320E211A049}"
EndProject
Project("{2150E333-8FDC-42A3-9474-1A3956D46DE8}") = "core", "core", "{D4DA0332-A5CD-4E26-94E4-B26D17E4B35E}"
EndProject
Project("{2150E333-8FDC-42A3-9474-1A3956D46DE8}") = "infrastructure", "infrastructure", "{3883F91E-0810-47ED-A099-B1A8E5DA9367}"
EndProject
Project("{2150E333-8FDC-42A3-9474-1A3956D46DE8}") = "presentation", "presentation", "{84A67F99-931E-427E-B0A6-A2A5ADDBA8C6}"
EndProject
Project("{2150E333-8FDC-42A3-9474-1A3956D46DE8}") = "solution items", "solution items", "{02EA681E-C7D8-13C7-8484-4AC65E1B71E8}"
	ProjectSection(SolutionItems) = preProject
		.editorconfig = .editorconfig
		.gitignore = .gitignore
		HelpMe.txt = HelpMe.txt
		LICENSE = LICENSE
		README.md = README.md
	EndProjectSection
EndProject
Project("{FAE04EC0-301F-11D3-BF4B-00C04F79EFBC}") = "Commons", "Commons\Commons.csproj", "{73D81359-3AD4-45FA-9FF1-68242955A215}"
EndProject
Project("{E53339B2-1760-4266-BCC7-CA923CBCF16C}") = "docker-compose", "docker-compose.dcproj", "{81DDED9D-158B-E303-5F62-77A2896D2A5A}"
EndProject
Project("{FAE04EC0-301F-11D3-BF4B-00C04F79EFBC}") = "ExternalServices", "ExternalServices\ExternalServices.csproj", "{C5301F3D-6124-44B5-8CEC-6636B01C422D}"
EndProject
Project("{2150E333-8FDC-42A3-9474-1A3956D46DE8}") = "tests", "tests", "{7823EAC0-6523-4F4F-995C-FAEA6E44CE3E}"
EndProject
Project("{FAE04EC0-301F-11D3-BF4B-00C04F79EFBC}") = "Unit.Tests", "ApplicationTests\Unit.Tests.csproj", "{9A9B6AF0-2D26-44B1-B61D-640D99F925B1}"
EndProject
Project("{FAE04EC0-301F-11D3-BF4B-00C04F79EFBC}") = "Api.AntiFraud", "ApiAntiFraud\Api.AntiFraud.csproj", "{7C13AD1A-4C3A-4FCE-A283-8A86A4DBB5A2}"
EndProject
Global
	GlobalSection(SolutionConfigurationPlatforms) = preSolution
		Debug|Any CPU = Debug|Any CPU
		Release|Any CPU = Release|Any CPU
	EndGlobalSection
	GlobalSection(ProjectConfigurationPlatforms) = postSolution
		{86C91C23-AC2C-49A6-84F4-06308B1BD7AB}.Debug|Any CPU.ActiveCfg = Debug|Any CPU
		{86C91C23-AC2C-49A6-84F4-06308B1BD7AB}.Debug|Any CPU.Build.0 = Debug|Any CPU
		{86C91C23-AC2C-49A6-84F4-06308B1BD7AB}.Release|Any CPU.ActiveCfg = Release|Any CPU
		{86C91C23-AC2C-49A6-84F4-06308B1BD7AB}.Release|Any CPU.Build.0 = Release|Any CPU
		{0EE85283-25B4-41C6-907A-6A16473D8C54}.Debug|Any CPU.ActiveCfg = Debug|Any CPU
		{0EE85283-25B4-41C6-907A-6A16473D8C54}.Debug|Any CPU.Build.0 = Debug|Any CPU
		{0EE85283-25B4-41C6-907A-6A16473D8C54}.Release|Any CPU.ActiveCfg = Release|Any CPU
		{0EE85283-25B4-41C6-907A-6A16473D8C54}.Release|Any CPU.Build.0 = Release|Any CPU
		{2B79D45F-1FFD-4453-BC12-8C6C728E65CD}.Debug|Any CPU.ActiveCfg = Debug|Any CPU
		{2B79D45F-1FFD-4453-BC12-8C6C728E65CD}.Debug|Any CPU.Build.0 = Debug|Any CPU
		{2B79D45F-1FFD-4453-BC12-8C6C728E65CD}.Release|Any CPU.ActiveCfg = Release|Any CPU
		{2B79D45F-1FFD-4453-BC12-8C6C728E65CD}.Release|Any CPU.Build.0 = Release|Any CPU
		{339D1804-9CA0-4387-A6D8-D85AB3BB6F08}.Debug|Any CPU.ActiveCfg = Debug|Any CPU
		{339D1804-9CA0-4387-A6D8-D85AB3BB6F08}.Debug|Any CPU.Build.0 = Debug|Any CPU
		{339D1804-9CA0-4387-A6D8-D85AB3BB6F08}.Release|Any CPU.ActiveCfg = Release|Any CPU
		{339D1804-9CA0-4387-A6D8-D85AB3BB6F08}.Release|Any CPU.Build.0 = Release|Any CPU
		{73D81359-3AD4-45FA-9FF1-68242955A215}.Debug|Any CPU.ActiveCfg = Debug|Any CPU
		{73D81359-3AD4-45FA-9FF1-68242955A215}.Debug|Any CPU.Build.0 = Debug|Any CPU
		{73D81359-3AD4-45FA-9FF1-68242955A215}.Release|Any CPU.ActiveCfg = Release|Any CPU
		{73D81359-3AD4-45FA-9FF1-68242955A215}.Release|Any CPU.Build.0 = Release|Any CPU
		{81DDED9D-158B-E303-5F62-77A2896D2A5A}.Debug|Any CPU.ActiveCfg = Debug|Any CPU
		{81DDED9D-158B-E303-5F62-77A2896D2A5A}.Debug|Any CPU.Build.0 = Debug|Any CPU
		{81DDED9D-158B-E303-5F62-77A2896D2A5A}.Release|Any CPU.ActiveCfg = Release|Any CPU
		{81DDED9D-158B-E303-5F62-77A2896D2A5A}.Release|Any CPU.Build.0 = Release|Any CPU
		{C5301F3D-6124-44B5-8CEC-6636B01C422D}.Debug|Any CPU.ActiveCfg = Debug|Any CPU
		{C5301F3D-6124-44B5-8CEC-6636B01C422D}.Debug|Any CPU.Build.0 = Debug|Any CPU
		{C5301F3D-6124-44B5-8CEC-6636B01C422D}.Release|Any CPU.ActiveCfg = Release|Any CPU
		{C5301F3D-6124-44B5-8CEC-6636B01C422D}.Release|Any CPU.Build.0 = Release|Any CPU
		{9A9B6AF0-2D26-44B1-B61D-640D99F925B1}.Debug|Any CPU.ActiveCfg = Debug|Any CPU
		{9A9B6AF0-2D26-44B1-B61D-640D99F925B1}.Debug|Any CPU.Build.0 = Debug|Any CPU
		{9A9B6AF0-2D26-44B1-B61D-640D99F925B1}.Release|Any CPU.ActiveCfg = Release|Any CPU
		{9A9B6AF0-2D26-44B1-B61D-640D99F925B1}.Release|Any CPU.Build.0 = Release|Any CPU
		{7C13AD1A-4C3A-4FCE-A283-8A86A4DBB5A2}.Debug|Any CPU.ActiveCfg = Debug|Any CPU
		{7C13AD1A-4C3A-4FCE-A283-8A86A4DBB5A2}.Debug|Any CPU.Build.0 = Debug|Any CPU
		{7C13AD1A-4C3A-4FCE-A283-8A86A4DBB5A2}.Release|Any CPU.ActiveCfg = Release|Any CPU
		{7C13AD1A-4C3A-4FCE-A283-8A86A4DBB5A2}.Release|Any CPU.Build.0 = Release|Any CPU
	EndGlobalSection
	GlobalSection(SolutionProperties) = preSolution
		HideSolutionNode = FALSE
	EndGlobalSection
	GlobalSection(NestedProjects) = preSolution
		{86C91C23-AC2C-49A6-84F4-06308B1BD7AB} = {84A67F99-931E-427E-B0A6-A2A5ADDBA8C6}
		{0EE85283-25B4-41C6-907A-6A16473D8C54} = {D4DA0332-A5CD-4E26-94E4-B26D17E4B35E}
		{2B79D45F-1FFD-4453-BC12-8C6C728E65CD} = {D4DA0332-A5CD-4E26-94E4-B26D17E4B35E}
		{339D1804-9CA0-4387-A6D8-D85AB3BB6F08} = {3883F91E-0810-47ED-A099-B1A8E5DA9367}
		{D4DA0332-A5CD-4E26-94E4-B26D17E4B35E} = {CAE4190B-5568-494D-A3FA-0320E211A049}
		{3883F91E-0810-47ED-A099-B1A8E5DA9367} = {CAE4190B-5568-494D-A3FA-0320E211A049}
		{84A67F99-931E-427E-B0A6-A2A5ADDBA8C6} = {CAE4190B-5568-494D-A3FA-0320E211A049}
		{73D81359-3AD4-45FA-9FF1-68242955A215} = {D4DA0332-A5CD-4E26-94E4-B26D17E4B35E}
		{C5301F3D-6124-44B5-8CEC-6636B01C422D} = {3883F91E-0810-47ED-A099-B1A8E5DA9367}
		{7823EAC0-6523-4F4F-995C-FAEA6E44CE3E} = {CAE4190B-5568-494D-A3FA-0320E211A049}
		{9A9B6AF0-2D26-44B1-B61D-640D99F925B1} = {7823EAC0-6523-4F4F-995C-FAEA6E44CE3E}
		{7C13AD1A-4C3A-4FCE-A283-8A86A4DBB5A2} = {84A67F99-931E-427E-B0A6-A2A5ADDBA8C6}
	EndGlobalSection
	GlobalSection(ExtensibilityGlobals) = postSolution
		SolutionGuid = {779943A4-5DA5-4931-97C8-2E8BE8AB0C1F}
	EndGlobalSection
EndGlobal
